
Microsoft Visual Studio Solution File, Format Version 12.00
# Visual Studio 14
VisualStudioVersion = 14.0.24720.0
MinimumVisualStudioVersion = 10.0.40219.1
Project("{FAE04EC0-301F-11D3-BF4B-00C04F79EFBC}") = "VegetableMarket", "VegetableMarket\VegetableMarket.csproj", "{66D1ADC3-FAE9-4D84-84F0-5A5589F5887F}"
EndProject
Project("{FAE04EC0-301F-11D3-BF4B-00C04F79EFBC}") = "PoolPipes", "PoolPipes\PoolPipes.csproj", "{44B29811-0417-405A-B56B-B05BE410D2BA}"
EndProject
Project("{FAE04EC0-301F-11D3-BF4B-00C04F79EFBC}") = "Trip", "Trip\Trip.csproj", "{1C40947C-5AE9-4158-AE8B-7467CA996D32}"
EndProject
Project("{FAE04EC0-301F-11D3-BF4B-00C04F79EFBC}") = "Division", "Division\Division.csproj", "{C167662E-8366-45A6-82D1-0EA8ED15A01D}"
EndProject
Project("{FAE04EC0-301F-11D3-BF4B-00C04F79EFBC}") = "Butterfly", "Butterfly\Butterfly.csproj", "{A016AA1D-D058-4184-BE59-D3317A4779CA}"
EndProject
Project("{FAE04EC0-301F-11D3-BF4B-00C04F79EFBC}") = "MagicNumber", "MagicNumber\MagicNumber.csproj", "{7D5BB24B-B283-481B-BBED-BBA79109DA86}"
EndProject
Global
	GlobalSection(SolutionConfigurationPlatforms) = preSolution
		Debug|Any CPU = Debug|Any CPU
		Release|Any CPU = Release|Any CPU
	EndGlobalSection
	GlobalSection(ProjectConfigurationPlatforms) = postSolution
		{66D1ADC3-FAE9-4D84-84F0-5A5589F5887F}.Debug|Any CPU.ActiveCfg = Debug|Any CPU
		{66D1ADC3-FAE9-4D84-84F0-5A5589F5887F}.Debug|Any CPU.Build.0 = Debug|Any CPU
		{66D1ADC3-FAE9-4D84-84F0-5A5589F5887F}.Release|Any CPU.ActiveCfg = Release|Any CPU
		{66D1ADC3-FAE9-4D84-84F0-5A5589F5887F}.Release|Any CPU.Build.0 = Release|Any CPU
		{44B29811-0417-405A-B56B-B05BE410D2BA}.Debug|Any CPU.ActiveCfg = Debug|Any CPU
		{44B29811-0417-405A-B56B-B05BE410D2BA}.Debug|Any CPU.Build.0 = Debug|Any CPU
		{44B29811-0417-405A-B56B-B05BE410D2BA}.Release|Any CPU.ActiveCfg = Release|Any CPU
		{44B29811-0417-405A-B56B-B05BE410D2BA}.Release|Any CPU.Build.0 = Release|Any CPU
		{1C40947C-5AE9-4158-AE8B-7467CA996D32}.Debug|Any CPU.ActiveCfg = Debug|Any CPU
		{1C40947C-5AE9-4158-AE8B-7467CA996D32}.Debug|Any CPU.Build.0 = Debug|Any CPU
		{1C40947C-5AE9-4158-AE8B-7467CA996D32}.Release|Any CPU.ActiveCfg = Release|Any CPU
		{1C40947C-5AE9-4158-AE8B-7467CA996D32}.Release|Any CPU.Build.0 = Release|Any CPU
		{C167662E-8366-45A6-82D1-0EA8ED15A01D}.Debug|Any CPU.ActiveCfg = Debug|Any CPU
		{C167662E-8366-45A6-82D1-0EA8ED15A01D}.Debug|Any CPU.Build.0 = Debug|Any CPU
		{C167662E-8366-45A6-82D1-0EA8ED15A01D}.Release|Any CPU.ActiveCfg = Release|Any CPU
		{C167662E-8366-45A6-82D1-0EA8ED15A01D}.Release|Any CPU.Build.0 = Release|Any CPU
		{A016AA1D-D058-4184-BE59-D3317A4779CA}.Debug|Any CPU.ActiveCfg = Debug|Any CPU
		{A016AA1D-D058-4184-BE59-D3317A4779CA}.Debug|Any CPU.Build.0 = Debug|Any CPU
		{A016AA1D-D058-4184-BE59-D3317A4779CA}.Release|Any CPU.ActiveCfg = Release|Any CPU
		{A016AA1D-D058-4184-BE59-D3317A4779CA}.Release|Any CPU.Build.0 = Release|Any CPU
		{7D5BB24B-B283-481B-BBED-BBA79109DA86}.Debug|Any CPU.ActiveCfg = Debug|Any CPU
		{7D5BB24B-B283-481B-BBED-BBA79109DA86}.Debug|Any CPU.Build.0 = Debug|Any CPU
		{7D5BB24B-B283-481B-BBED-BBA79109DA86}.Release|Any CPU.ActiveCfg = Release|Any CPU
		{7D5BB24B-B283-481B-BBED-BBA79109DA86}.Release|Any CPU.Build.0 = Release|Any CPU
	EndGlobalSection
	GlobalSection(SolutionProperties) = preSolution
		HideSolutionNode = FALSE
	EndGlobalSection
EndGlobal
