
Microsoft Visual Studio Solution File, Format Version 12.00
# Visual Studio 15
VisualStudioVersion = 15.0.26430.14
MinimumVisualStudioVersion = 10.0.40219.1
Project("{FAE04EC0-301F-11D3-BF4B-00C04F79EFBC}") = "Weekdays", "Weekdays\Weekdays.csproj", "{E6C98AB2-6F98-4C06-A82C-35F9A5815513}"
EndProject
Project("{FAE04EC0-301F-11D3-BF4B-00C04F79EFBC}") = "CoffeeMachine", "CoffeeMachine.cs\CoffeeMachine.csproj", "{7ECFD26B-6985-4B9F-B81C-E181C3C46825}"
EndProject
Project("{FAE04EC0-301F-11D3-BF4B-00C04F79EFBC}") = "Attributes", "Attributes\Attributes.csproj", "{B5FB0C70-BBF2-41F7-B692-AEE2091DB106}"
EndProject
Global
	GlobalSection(SolutionConfigurationPlatforms) = preSolution
		Debug|Any CPU = Debug|Any CPU
		Release|Any CPU = Release|Any CPU
	EndGlobalSection
	GlobalSection(ProjectConfigurationPlatforms) = postSolution
		{E6C98AB2-6F98-4C06-A82C-35F9A5815513}.Debug|Any CPU.ActiveCfg = Debug|Any CPU
		{E6C98AB2-6F98-4C06-A82C-35F9A5815513}.Debug|Any CPU.Build.0 = Debug|Any CPU
		{E6C98AB2-6F98-4C06-A82C-35F9A5815513}.Release|Any CPU.ActiveCfg = Release|Any CPU
		{E6C98AB2-6F98-4C06-A82C-35F9A5815513}.Release|Any CPU.Build.0 = Release|Any CPU
		{7ECFD26B-6985-4B9F-B81C-E181C3C46825}.Debug|Any CPU.ActiveCfg = Debug|Any CPU
		{7ECFD26B-6985-4B9F-B81C-E181C3C46825}.Debug|Any CPU.Build.0 = Debug|Any CPU
		{7ECFD26B-6985-4B9F-B81C-E181C3C46825}.Release|Any CPU.ActiveCfg = Release|Any CPU
		{7ECFD26B-6985-4B9F-B81C-E181C3C46825}.Release|Any CPU.Build.0 = Release|Any CPU
		{B5FB0C70-BBF2-41F7-B692-AEE2091DB106}.Debug|Any CPU.ActiveCfg = Debug|Any CPU
		{B5FB0C70-BBF2-41F7-B692-AEE2091DB106}.Debug|Any CPU.Build.0 = Debug|Any CPU
		{B5FB0C70-BBF2-41F7-B692-AEE2091DB106}.Release|Any CPU.ActiveCfg = Release|Any CPU
		{B5FB0C70-BBF2-41F7-B692-AEE2091DB106}.Release|Any CPU.Build.0 = Release|Any CPU
	EndGlobalSection
	GlobalSection(SolutionProperties) = preSolution
		HideSolutionNode = FALSE
	EndGlobalSection
EndGlobal
