
Microsoft Visual Studio Solution File, Format Version 12.00
# Visual Studio 15
VisualStudioVersion = 15.0.26730.16
MinimumVisualStudioVersion = 10.0.40219.1
Project("{9A19103F-16F7-4668-BE54-9A1E7A4F7556}") = "MiniServer", "MiniServer\MiniServer.csproj", "{2BDB934B-F711-46BE-B945-8615397A1584}"
EndProject
Project("{FAE04EC0-301F-11D3-BF4B-00C04F79EFBC}") = "MiniServer.Data", "MiniServer.Data\MiniServer.Data.csproj", "{0863B2EB-6481-4766-B35E-F7FE6C99777B}"
EndProject
Project("{FAE04EC0-301F-11D3-BF4B-00C04F79EFBC}") = "MiniServer.Models", "MiniServer.Models\MiniServer.Models.csproj", "{45AF2E5E-30C5-44C8-B2DC-E86C2814B361}"
EndProject
Global
	GlobalSection(SolutionConfigurationPlatforms) = preSolution
		Debug|Any CPU = Debug|Any CPU
		Release|Any CPU = Release|Any CPU
	EndGlobalSection
	GlobalSection(ProjectConfigurationPlatforms) = postSolution
		{2BDB934B-F711-46BE-B945-8615397A1584}.Debug|Any CPU.ActiveCfg = Debug|Any CPU
		{2BDB934B-F711-46BE-B945-8615397A1584}.Debug|Any CPU.Build.0 = Debug|Any CPU
		{2BDB934B-F711-46BE-B945-8615397A1584}.Release|Any CPU.ActiveCfg = Release|Any CPU
		{2BDB934B-F711-46BE-B945-8615397A1584}.Release|Any CPU.Build.0 = Release|Any CPU
		{0863B2EB-6481-4766-B35E-F7FE6C99777B}.Debug|Any CPU.ActiveCfg = Debug|Any CPU
		{0863B2EB-6481-4766-B35E-F7FE6C99777B}.Debug|Any CPU.Build.0 = Debug|Any CPU
		{0863B2EB-6481-4766-B35E-F7FE6C99777B}.Release|Any CPU.ActiveCfg = Release|Any CPU
		{0863B2EB-6481-4766-B35E-F7FE6C99777B}.Release|Any CPU.Build.0 = Release|Any CPU
		{45AF2E5E-30C5-44C8-B2DC-E86C2814B361}.Debug|Any CPU.ActiveCfg = Debug|Any CPU
		{45AF2E5E-30C5-44C8-B2DC-E86C2814B361}.Debug|Any CPU.Build.0 = Debug|Any CPU
		{45AF2E5E-30C5-44C8-B2DC-E86C2814B361}.Release|Any CPU.ActiveCfg = Release|Any CPU
		{45AF2E5E-30C5-44C8-B2DC-E86C2814B361}.Release|Any CPU.Build.0 = Release|Any CPU
	EndGlobalSection
	GlobalSection(SolutionProperties) = preSolution
		HideSolutionNode = FALSE
	EndGlobalSection
	GlobalSection(ExtensibilityGlobals) = postSolution
		SolutionGuid = {FA6D8411-D002-4CBD-AF5C-B48624A18364}
	EndGlobalSection
EndGlobal
