
Microsoft Visual Studio Solution File, Format Version 12.00
# Visual Studio 15
VisualStudioVersion = 15.0.27004.2002
MinimumVisualStudioVersion = 10.0.40219.1
Project("{FAE04EC0-301F-11D3-BF4B-00C04F79EFBC}") = "FDMC.App", "FDMC.App\FDMC.App.csproj", "{913D59F7-CE78-46AD-9ABB-7ACBB9FE29DB}"
EndProject
Project("{FAE04EC0-301F-11D3-BF4B-00C04F79EFBC}") = "FDMC.Data", "FDMC.Data\FDMC.Data.csproj", "{F06133F6-C194-47B3-8C5B-545B5907CA2E}"
EndProject
Project("{FAE04EC0-301F-11D3-BF4B-00C04F79EFBC}") = "FDMC.Models", "FDMC.Models\FDMC.Models.csproj", "{13BBCFEB-CCC2-4CD7-B953-48B88E532A60}"
EndProject
Global
	GlobalSection(SolutionConfigurationPlatforms) = preSolution
		Debug|Any CPU = Debug|Any CPU
		Release|Any CPU = Release|Any CPU
	EndGlobalSection
	GlobalSection(ProjectConfigurationPlatforms) = postSolution
		{913D59F7-CE78-46AD-9ABB-7ACBB9FE29DB}.Debug|Any CPU.ActiveCfg = Debug|Any CPU
		{913D59F7-CE78-46AD-9ABB-7ACBB9FE29DB}.Debug|Any CPU.Build.0 = Debug|Any CPU
		{913D59F7-CE78-46AD-9ABB-7ACBB9FE29DB}.Release|Any CPU.ActiveCfg = Release|Any CPU
		{913D59F7-CE78-46AD-9ABB-7ACBB9FE29DB}.Release|Any CPU.Build.0 = Release|Any CPU
		{F06133F6-C194-47B3-8C5B-545B5907CA2E}.Debug|Any CPU.ActiveCfg = Debug|Any CPU
		{F06133F6-C194-47B3-8C5B-545B5907CA2E}.Debug|Any CPU.Build.0 = Debug|Any CPU
		{F06133F6-C194-47B3-8C5B-545B5907CA2E}.Release|Any CPU.ActiveCfg = Release|Any CPU
		{F06133F6-C194-47B3-8C5B-545B5907CA2E}.Release|Any CPU.Build.0 = Release|Any CPU
		{13BBCFEB-CCC2-4CD7-B953-48B88E532A60}.Debug|Any CPU.ActiveCfg = Debug|Any CPU
		{13BBCFEB-CCC2-4CD7-B953-48B88E532A60}.Debug|Any CPU.Build.0 = Debug|Any CPU
		{13BBCFEB-CCC2-4CD7-B953-48B88E532A60}.Release|Any CPU.ActiveCfg = Release|Any CPU
		{13BBCFEB-CCC2-4CD7-B953-48B88E532A60}.Release|Any CPU.Build.0 = Release|Any CPU
	EndGlobalSection
	GlobalSection(SolutionProperties) = preSolution
		HideSolutionNode = FALSE
	EndGlobalSection
	GlobalSection(ExtensibilityGlobals) = postSolution
		SolutionGuid = {68EF583D-DE8F-4485-96F3-CFF8E5825BA9}
	EndGlobalSection
EndGlobal
