
Microsoft Visual Studio Solution File, Format Version 12.00
# Visual Studio 15
VisualStudioVersion = 15.0.26228.9
MinimumVisualStudioVersion = 10.0.40219.1
Project("{FAE04EC0-301F-11D3-BF4B-00C04F79EFBC}") = "WeddingsPlanner.Models", "WeddingsPlanner.Models\WeddingsPlanner.Models.csproj", "{15F4E06B-AFAD-4AF7-8078-BB4AF24DEC22}"
EndProject
Project("{FAE04EC0-301F-11D3-BF4B-00C04F79EFBC}") = "WeddingsPlanner.Data", "WeddingsPlanner.Data\WeddingsPlanner.Data.csproj", "{D25AB766-3857-4E34-9FA0-1B1A95F50BD4}"
EndProject
Project("{FAE04EC0-301F-11D3-BF4B-00C04F79EFBC}") = "WeddingsPlanner.Client", "WeddingsPlanner.Client\WeddingsPlanner.Client.csproj", "{9406EC65-5C1D-4E67-A441-217B329B00CE}"
EndProject
Global
	GlobalSection(SolutionConfigurationPlatforms) = preSolution
		Debug|Any CPU = Debug|Any CPU
		Release|Any CPU = Release|Any CPU
	EndGlobalSection
	GlobalSection(ProjectConfigurationPlatforms) = postSolution
		{15F4E06B-AFAD-4AF7-8078-BB4AF24DEC22}.Debug|Any CPU.ActiveCfg = Debug|Any CPU
		{15F4E06B-AFAD-4AF7-8078-BB4AF24DEC22}.Debug|Any CPU.Build.0 = Debug|Any CPU
		{15F4E06B-AFAD-4AF7-8078-BB4AF24DEC22}.Release|Any CPU.ActiveCfg = Release|Any CPU
		{15F4E06B-AFAD-4AF7-8078-BB4AF24DEC22}.Release|Any CPU.Build.0 = Release|Any CPU
		{D25AB766-3857-4E34-9FA0-1B1A95F50BD4}.Debug|Any CPU.ActiveCfg = Debug|Any CPU
		{D25AB766-3857-4E34-9FA0-1B1A95F50BD4}.Debug|Any CPU.Build.0 = Debug|Any CPU
		{D25AB766-3857-4E34-9FA0-1B1A95F50BD4}.Release|Any CPU.ActiveCfg = Release|Any CPU
		{D25AB766-3857-4E34-9FA0-1B1A95F50BD4}.Release|Any CPU.Build.0 = Release|Any CPU
		{9406EC65-5C1D-4E67-A441-217B329B00CE}.Debug|Any CPU.ActiveCfg = Debug|Any CPU
		{9406EC65-5C1D-4E67-A441-217B329B00CE}.Debug|Any CPU.Build.0 = Debug|Any CPU
		{9406EC65-5C1D-4E67-A441-217B329B00CE}.Release|Any CPU.ActiveCfg = Release|Any CPU
		{9406EC65-5C1D-4E67-A441-217B329B00CE}.Release|Any CPU.Build.0 = Release|Any CPU
	EndGlobalSection
	GlobalSection(SolutionProperties) = preSolution
		HideSolutionNode = FALSE
	EndGlobalSection
EndGlobal
