
Microsoft Visual Studio Solution File, Format Version 12.00
# Visual Studio 15
VisualStudioVersion = 15.0.26430.14
MinimumVisualStudioVersion = 10.0.40219.1
Project("{FAE04EC0-301F-11D3-BF4B-00C04F79EFBC}") = "Problem1 and 2 ClassBox", "Problem1 ClassBox\Problem1 and 2 ClassBox.csproj", "{6269696B-D34E-48B7-8AE1-B4A5391D8AF0}"
EndProject
Project("{FAE04EC0-301F-11D3-BF4B-00C04F79EFBC}") = "Problem4 ShoppingSpree", "Problem4 ShoppingSpree\Problem4 ShoppingSpree.csproj", "{2EE83393-2F0B-4D55-BEBB-A8E93772CA53}"
EndProject
Project("{FAE04EC0-301F-11D3-BF4B-00C04F79EFBC}") = "Problem5 PizzaCalories", "Problem5 PizzaCalories\Problem5 PizzaCalories.csproj", "{18D86D50-CFDC-42A7-B880-5EAA850017AF}"
EndProject
Project("{FAE04EC0-301F-11D3-BF4B-00C04F79EFBC}") = "Problem6 FootballTeamGenerator", "Problem6 FootballTeamGenerator\Problem6 FootballTeamGenerator.csproj", "{0D2EED3D-6597-4C18-9F55-4165CDC4C7BE}"
EndProject
Global
	GlobalSection(SolutionConfigurationPlatforms) = preSolution
		Debug|Any CPU = Debug|Any CPU
		Release|Any CPU = Release|Any CPU
	EndGlobalSection
	GlobalSection(ProjectConfigurationPlatforms) = postSolution
		{6269696B-D34E-48B7-8AE1-B4A5391D8AF0}.Debug|Any CPU.ActiveCfg = Debug|Any CPU
		{6269696B-D34E-48B7-8AE1-B4A5391D8AF0}.Debug|Any CPU.Build.0 = Debug|Any CPU
		{6269696B-D34E-48B7-8AE1-B4A5391D8AF0}.Release|Any CPU.ActiveCfg = Release|Any CPU
		{6269696B-D34E-48B7-8AE1-B4A5391D8AF0}.Release|Any CPU.Build.0 = Release|Any CPU
		{2EE83393-2F0B-4D55-BEBB-A8E93772CA53}.Debug|Any CPU.ActiveCfg = Debug|Any CPU
		{2EE83393-2F0B-4D55-BEBB-A8E93772CA53}.Debug|Any CPU.Build.0 = Debug|Any CPU
		{2EE83393-2F0B-4D55-BEBB-A8E93772CA53}.Release|Any CPU.ActiveCfg = Release|Any CPU
		{2EE83393-2F0B-4D55-BEBB-A8E93772CA53}.Release|Any CPU.Build.0 = Release|Any CPU
		{18D86D50-CFDC-42A7-B880-5EAA850017AF}.Debug|Any CPU.ActiveCfg = Debug|Any CPU
		{18D86D50-CFDC-42A7-B880-5EAA850017AF}.Debug|Any CPU.Build.0 = Debug|Any CPU
		{18D86D50-CFDC-42A7-B880-5EAA850017AF}.Release|Any CPU.ActiveCfg = Release|Any CPU
		{18D86D50-CFDC-42A7-B880-5EAA850017AF}.Release|Any CPU.Build.0 = Release|Any CPU
		{0D2EED3D-6597-4C18-9F55-4165CDC4C7BE}.Debug|Any CPU.ActiveCfg = Debug|Any CPU
		{0D2EED3D-6597-4C18-9F55-4165CDC4C7BE}.Debug|Any CPU.Build.0 = Debug|Any CPU
		{0D2EED3D-6597-4C18-9F55-4165CDC4C7BE}.Release|Any CPU.ActiveCfg = Release|Any CPU
		{0D2EED3D-6597-4C18-9F55-4165CDC4C7BE}.Release|Any CPU.Build.0 = Release|Any CPU
	EndGlobalSection
	GlobalSection(SolutionProperties) = preSolution
		HideSolutionNode = FALSE
	EndGlobalSection
EndGlobal
