
Microsoft Visual Studio Solution File, Format Version 12.00
# Visual Studio 15
VisualStudioVersion = 15.0.26730.15
MinimumVisualStudioVersion = 10.0.40219.1
Project("{FAE04EC0-301F-11D3-BF4B-00C04F79EFBC}") = "Problem1 URLDecode", "Problem1 URLDecode\Problem1 URLDecode.csproj", "{4C5E8F5D-CEC2-41AE-AB3D-AB2F70D9B0B9}"
EndProject
Project("{FAE04EC0-301F-11D3-BF4B-00C04F79EFBC}") = "Problem2 ValidateUrl", "Problem2 ValidateUrl\Problem2 ValidateUrl.csproj", "{4513A7DF-778B-4F9E-9454-5E68737ED1D2}"
EndProject
Project("{FAE04EC0-301F-11D3-BF4B-00C04F79EFBC}") = "Problem3 RequestParser", "Problem3 RequestParser\Problem3 RequestParser.csproj", "{889C1EDF-2B57-4E0C-80B8-7D222CFF5898}"
EndProject
Global
	GlobalSection(SolutionConfigurationPlatforms) = preSolution
		Debug|Any CPU = Debug|Any CPU
		Release|Any CPU = Release|Any CPU
	EndGlobalSection
	GlobalSection(ProjectConfigurationPlatforms) = postSolution
		{4C5E8F5D-CEC2-41AE-AB3D-AB2F70D9B0B9}.Debug|Any CPU.ActiveCfg = Debug|Any CPU
		{4C5E8F5D-CEC2-41AE-AB3D-AB2F70D9B0B9}.Debug|Any CPU.Build.0 = Debug|Any CPU
		{4C5E8F5D-CEC2-41AE-AB3D-AB2F70D9B0B9}.Release|Any CPU.ActiveCfg = Release|Any CPU
		{4C5E8F5D-CEC2-41AE-AB3D-AB2F70D9B0B9}.Release|Any CPU.Build.0 = Release|Any CPU
		{4513A7DF-778B-4F9E-9454-5E68737ED1D2}.Debug|Any CPU.ActiveCfg = Debug|Any CPU
		{4513A7DF-778B-4F9E-9454-5E68737ED1D2}.Debug|Any CPU.Build.0 = Debug|Any CPU
		{4513A7DF-778B-4F9E-9454-5E68737ED1D2}.Release|Any CPU.ActiveCfg = Release|Any CPU
		{4513A7DF-778B-4F9E-9454-5E68737ED1D2}.Release|Any CPU.Build.0 = Release|Any CPU
		{889C1EDF-2B57-4E0C-80B8-7D222CFF5898}.Debug|Any CPU.ActiveCfg = Debug|Any CPU
		{889C1EDF-2B57-4E0C-80B8-7D222CFF5898}.Debug|Any CPU.Build.0 = Debug|Any CPU
		{889C1EDF-2B57-4E0C-80B8-7D222CFF5898}.Release|Any CPU.ActiveCfg = Release|Any CPU
		{889C1EDF-2B57-4E0C-80B8-7D222CFF5898}.Release|Any CPU.Build.0 = Release|Any CPU
	EndGlobalSection
	GlobalSection(SolutionProperties) = preSolution
		HideSolutionNode = FALSE
	EndGlobalSection
	GlobalSection(ExtensibilityGlobals) = postSolution
		SolutionGuid = {D84BF60B-1EB4-46B2-8F60-095DD8B1D963}
	EndGlobalSection
EndGlobal
