
Microsoft Visual Studio Solution File, Format Version 12.00
# Visual Studio 15
VisualStudioVersion = 15.0.26730.16
MinimumVisualStudioVersion = 10.0.40219.1
Project("{FAE04EC0-301F-11D3-BF4B-00C04F79EFBC}") = "BeerStore", "BeerStore\BeerStore.csproj", "{FD35FD78-7FDA-408C-B735-231385982576}"
EndProject
Global
	GlobalSection(SolutionConfigurationPlatforms) = preSolution
		Debug|Any CPU = Debug|Any CPU
		Release|Any CPU = Release|Any CPU
	EndGlobalSection
	GlobalSection(ProjectConfigurationPlatforms) = postSolution
		{FD35FD78-7FDA-408C-B735-231385982576}.Debug|Any CPU.ActiveCfg = Debug|Any CPU
		{FD35FD78-7FDA-408C-B735-231385982576}.Debug|Any CPU.Build.0 = Debug|Any CPU
		{FD35FD78-7FDA-408C-B735-231385982576}.Release|Any CPU.ActiveCfg = Release|Any CPU
		{FD35FD78-7FDA-408C-B735-231385982576}.Release|Any CPU.Build.0 = Release|Any CPU
	EndGlobalSection
	GlobalSection(SolutionProperties) = preSolution
		HideSolutionNode = FALSE
	EndGlobalSection
	GlobalSection(ExtensibilityGlobals) = postSolution
		SolutionGuid = {B647A661-46EB-457E-B0AB-B8679290AA7F}
	EndGlobalSection
EndGlobal
