
Microsoft Visual Studio Solution File, Format Version 12.00
# Visual Studio 15
VisualStudioVersion = 15.0.26228.9
MinimumVisualStudioVersion = 10.0.40219.1
Project("{FAE04EC0-301F-11D3-BF4B-00C04F79EFBC}") = "PlanetHunters.Client", "PlanetHunters.Client\PlanetHunters.Client.csproj", "{D48E292A-2FB5-47FD-8998-D43864D9E87C}"
EndProject
Project("{FAE04EC0-301F-11D3-BF4B-00C04F79EFBC}") = "PlanetHunters.Models", "PlanetHunters.Models\PlanetHunters.Models.csproj", "{1B745092-8C40-4882-B439-A97BADE26FFF}"
EndProject
Project("{FAE04EC0-301F-11D3-BF4B-00C04F79EFBC}") = "PlanetHunters.Data", "PlanetHunters.Data\PlanetHunters.Data.csproj", "{98A56633-D016-4E99-8679-4CB571DDBD7A}"
EndProject
Project("{FAE04EC0-301F-11D3-BF4B-00C04F79EFBC}") = "PlanetHunters.Import", "PlanetHunters.Import\PlanetHunters.Import.csproj", "{8BDA433E-4A3E-48B1-9CC8-2E1812D0EBA5}"
EndProject
Project("{FAE04EC0-301F-11D3-BF4B-00C04F79EFBC}") = "PlanetHunters.Export", "PlanetHunters.Export\PlanetHunters.Export.csproj", "{1B7EFF48-FA0B-452D-9B76-AF4F8B5BF038}"
EndProject
Global
	GlobalSection(SolutionConfigurationPlatforms) = preSolution
		Debug|Any CPU = Debug|Any CPU
		Release|Any CPU = Release|Any CPU
	EndGlobalSection
	GlobalSection(ProjectConfigurationPlatforms) = postSolution
		{D48E292A-2FB5-47FD-8998-D43864D9E87C}.Debug|Any CPU.ActiveCfg = Debug|Any CPU
		{D48E292A-2FB5-47FD-8998-D43864D9E87C}.Debug|Any CPU.Build.0 = Debug|Any CPU
		{D48E292A-2FB5-47FD-8998-D43864D9E87C}.Release|Any CPU.ActiveCfg = Release|Any CPU
		{D48E292A-2FB5-47FD-8998-D43864D9E87C}.Release|Any CPU.Build.0 = Release|Any CPU
		{1B745092-8C40-4882-B439-A97BADE26FFF}.Debug|Any CPU.ActiveCfg = Debug|Any CPU
		{1B745092-8C40-4882-B439-A97BADE26FFF}.Debug|Any CPU.Build.0 = Debug|Any CPU
		{1B745092-8C40-4882-B439-A97BADE26FFF}.Release|Any CPU.ActiveCfg = Release|Any CPU
		{1B745092-8C40-4882-B439-A97BADE26FFF}.Release|Any CPU.Build.0 = Release|Any CPU
		{98A56633-D016-4E99-8679-4CB571DDBD7A}.Debug|Any CPU.ActiveCfg = Debug|Any CPU
		{98A56633-D016-4E99-8679-4CB571DDBD7A}.Debug|Any CPU.Build.0 = Debug|Any CPU
		{98A56633-D016-4E99-8679-4CB571DDBD7A}.Release|Any CPU.ActiveCfg = Release|Any CPU
		{98A56633-D016-4E99-8679-4CB571DDBD7A}.Release|Any CPU.Build.0 = Release|Any CPU
		{8BDA433E-4A3E-48B1-9CC8-2E1812D0EBA5}.Debug|Any CPU.ActiveCfg = Debug|Any CPU
		{8BDA433E-4A3E-48B1-9CC8-2E1812D0EBA5}.Debug|Any CPU.Build.0 = Debug|Any CPU
		{8BDA433E-4A3E-48B1-9CC8-2E1812D0EBA5}.Release|Any CPU.ActiveCfg = Release|Any CPU
		{8BDA433E-4A3E-48B1-9CC8-2E1812D0EBA5}.Release|Any CPU.Build.0 = Release|Any CPU
		{1B7EFF48-FA0B-452D-9B76-AF4F8B5BF038}.Debug|Any CPU.ActiveCfg = Debug|Any CPU
		{1B7EFF48-FA0B-452D-9B76-AF4F8B5BF038}.Debug|Any CPU.Build.0 = Debug|Any CPU
		{1B7EFF48-FA0B-452D-9B76-AF4F8B5BF038}.Release|Any CPU.ActiveCfg = Release|Any CPU
		{1B7EFF48-FA0B-452D-9B76-AF4F8B5BF038}.Release|Any CPU.Build.0 = Release|Any CPU
	EndGlobalSection
	GlobalSection(SolutionProperties) = preSolution
		HideSolutionNode = FALSE
	EndGlobalSection
EndGlobal
