
Microsoft Visual Studio Solution File, Format Version 12.00
# Visual Studio 15
VisualStudioVersion = 15.0.26730.16
MinimumVisualStudioVersion = 10.0.40219.1
Project("{FAE04EC0-301F-11D3-BF4B-00C04F79EFBC}") = "Problem1 EvenNumbersThread", "Problem1 EvenNumbersThread\Problem1 EvenNumbersThread.csproj", "{AA4CF80A-E886-4B4F-9903-861ECBEACF61}"
EndProject
Project("{FAE04EC0-301F-11D3-BF4B-00C04F79EFBC}") = "Problem2 SliceFileAsync", "Problem2 SliceFileAsync\Problem2 SliceFileAsync.csproj", "{7C001F47-AB66-4B55-85C8-2D7A7AD484ED}"
EndProject
Project("{FAE04EC0-301F-11D3-BF4B-00C04F79EFBC}") = "Problem3 SimpleWebServer", "Problem3 SimpleWebServer\Problem3 SimpleWebServer.csproj", "{A3C1C3E0-BFE1-410D-B978-A039C90D296D}"
EndProject
Global
	GlobalSection(SolutionConfigurationPlatforms) = preSolution
		Debug|Any CPU = Debug|Any CPU
		Release|Any CPU = Release|Any CPU
	EndGlobalSection
	GlobalSection(ProjectConfigurationPlatforms) = postSolution
		{AA4CF80A-E886-4B4F-9903-861ECBEACF61}.Debug|Any CPU.ActiveCfg = Debug|Any CPU
		{AA4CF80A-E886-4B4F-9903-861ECBEACF61}.Debug|Any CPU.Build.0 = Debug|Any CPU
		{AA4CF80A-E886-4B4F-9903-861ECBEACF61}.Release|Any CPU.ActiveCfg = Release|Any CPU
		{AA4CF80A-E886-4B4F-9903-861ECBEACF61}.Release|Any CPU.Build.0 = Release|Any CPU
		{7C001F47-AB66-4B55-85C8-2D7A7AD484ED}.Debug|Any CPU.ActiveCfg = Debug|Any CPU
		{7C001F47-AB66-4B55-85C8-2D7A7AD484ED}.Debug|Any CPU.Build.0 = Debug|Any CPU
		{7C001F47-AB66-4B55-85C8-2D7A7AD484ED}.Release|Any CPU.ActiveCfg = Release|Any CPU
		{7C001F47-AB66-4B55-85C8-2D7A7AD484ED}.Release|Any CPU.Build.0 = Release|Any CPU
		{A3C1C3E0-BFE1-410D-B978-A039C90D296D}.Debug|Any CPU.ActiveCfg = Debug|Any CPU
		{A3C1C3E0-BFE1-410D-B978-A039C90D296D}.Debug|Any CPU.Build.0 = Debug|Any CPU
		{A3C1C3E0-BFE1-410D-B978-A039C90D296D}.Release|Any CPU.ActiveCfg = Release|Any CPU
		{A3C1C3E0-BFE1-410D-B978-A039C90D296D}.Release|Any CPU.Build.0 = Release|Any CPU
	EndGlobalSection
	GlobalSection(SolutionProperties) = preSolution
		HideSolutionNode = FALSE
	EndGlobalSection
	GlobalSection(ExtensibilityGlobals) = postSolution
		SolutionGuid = {35990570-492A-46BB-9CD0-CBA6B0929071}
	EndGlobalSection
EndGlobal
