
Microsoft Visual Studio Solution File, Format Version 12.00
# Visual Studio 15
VisualStudioVersion = 15.0.26430.6
MinimumVisualStudioVersion = 10.0.40219.1
Project("{FAE04EC0-301F-11D3-BF4B-00C04F79EFBC}") = "Problem1 CubicArtillery", "Problem1 CubicArtillery\Problem1 CubicArtillery.csproj", "{8B4662D3-5B6E-4C44-B945-36FCFB69083E}"
EndProject
Global
	GlobalSection(SolutionConfigurationPlatforms) = preSolution
		Debug|Any CPU = Debug|Any CPU
		Release|Any CPU = Release|Any CPU
	EndGlobalSection
	GlobalSection(ProjectConfigurationPlatforms) = postSolution
		{8B4662D3-5B6E-4C44-B945-36FCFB69083E}.Debug|Any CPU.ActiveCfg = Debug|Any CPU
		{8B4662D3-5B6E-4C44-B945-36FCFB69083E}.Debug|Any CPU.Build.0 = Debug|Any CPU
		{8B4662D3-5B6E-4C44-B945-36FCFB69083E}.Release|Any CPU.ActiveCfg = Release|Any CPU
		{8B4662D3-5B6E-4C44-B945-36FCFB69083E}.Release|Any CPU.Build.0 = Release|Any CPU
	EndGlobalSection
	GlobalSection(SolutionProperties) = preSolution
		HideSolutionNode = FALSE
	EndGlobalSection
EndGlobal
